
Microsoft Visual Studio Solution File, Format Version 12.00
# Visual Studio Version 16
VisualStudioVersion = 16.0.30503.244
MinimumVisualStudioVersion = 10.0.40219.1
Project("{FAE04EC0-301F-11D3-BF4B-00C04F79EFBC}") = "NUnitParametrizedTestProject", "NUnitParametrizedTestProject.csproj", "{51D21EDB-345E-4B62-8848-640545AC9804}"
EndProject
Global
	GlobalSection(SolutionConfigurationPlatforms) = preSolution
		Debug|Any CPU = Debug|Any CPU
		Release|Any CPU = Release|Any CPU
	EndGlobalSection
	GlobalSection(ProjectConfigurationPlatforms) = postSolution
		{51D21EDB-345E-4B62-8848-640545AC9804}.Debug|Any CPU.ActiveCfg = Debug|Any CPU
		{51D21EDB-345E-4B62-8848-640545AC9804}.Debug|Any CPU.Build.0 = Debug|Any CPU
		{51D21EDB-345E-4B62-8848-640545AC9804}.Release|Any CPU.ActiveCfg = Release|Any CPU
		{51D21EDB-345E-4B62-8848-640545AC9804}.Release|Any CPU.Build.0 = Release|Any CPU
	EndGlobalSection
	GlobalSection(SolutionProperties) = preSolution
		HideSolutionNode = FALSE
	EndGlobalSection
	GlobalSection(ExtensibilityGlobals) = postSolution
		SolutionGuid = {60CCEA74-D37C-4E29-B4FA-BD60E851F259}
	EndGlobalSection
EndGlobal
